// !$*UTF8*$!
{
	archiveVersion = 1;
	classes = {
	};
	objectVersion = 46;
	objects = {

/* Begin PBXBuildFile section */
		7B6410EF1D73CFC6004C5FCC /* main.m in Sources */ = {isa = PBXBuildFile; fileRef = 7B6410EE1D73CFC6004C5FCC /* main.m */; };
		7B6410F21D73CFC6004C5FCC /* AppDelegate.m in Sources */ = {isa = PBXBuildFile; fileRef = 7B6410F11D73CFC6004C5FCC /* AppDelegate.m */; };
		7B6410F51D73CFC6004C5FCC /* ViewController.m in Sources */ = {isa = PBXBuildFile; fileRef = 7B6410F41D73CFC6004C5FCC /* ViewController.m */; };
		7B6410F81D73CFC6004C5FCC /* Main.storyboard in Resources */ = {isa = PBXBuildFile; fileRef = 7B6410F61D73CFC6004C5FCC /* Main.storyboard */; };
		7B6410FA1D73CFC6004C5FCC /* Assets.xcassets in Resources */ = {isa = PBXBuildFile; fileRef = 7B6410F91D73CFC6004C5FCC /* Assets.xcassets */; };
		7B6410FD1D73CFC6004C5FCC /* LaunchScreen.storyboard in Resources */ = {isa = PBXBuildFile; fileRef = 7B6410FB1D73CFC6004C5FCC /* LaunchScreen.storyboard */; };
		7B6411061D73CFEB004C5FCC /* PieView.m in Sources */ = {isa = PBXBuildFile; fileRef = 7B6411051D73CFEB004C5FCC /* PieView.m */; };
/* End PBXBuildFile section */

/* Begin PBXFileReference section */
		7B6410EA1D73CFC6004C5FCC /* 画饼状图.app */ = {isa = PBXFileReference; explicitFileType = wrapper.application; includeInIndex = 0; path = "画饼状图.app"; sourceTree = BUILT_PRODUCTS_DIR; };
		7B6410EE1D73CFC6004C5FCC /* main.m */ = {isa = PBXFileReference; lastKnownFileType = sourcecode.c.objc; path = main.m; sourceTree = "<group>"; };
		7B6410F01D73CFC6004C5FCC /* AppDelegate.h */ = {isa = PBXFileReference; lastKnownFileType = sourcecode.c.h; path = AppDelegate.h; sourceTree = "<group>"; };
		7B6410F11D73CFC6004C5FCC /* AppDelegate.m */ = {isa = PBXFileReference; lastKnownFileType = sourcecode.c.objc; path = AppDelegate.m; sourceTree = "<group>"; };
		7B6410F31D73CFC6004C5FCC /* ViewController.h */ = {isa = PBXFileReference; lastKnownFileType = sourcecode.c.h; path = ViewController.h; sourceTree = "<group>"; };
		7B6410F41D73CFC6004C5FCC /* ViewController.m */ = {isa = PBXFileReference; lastKnownFileType = sourcecode.c.objc; path = ViewController.m; sourceTree = "<group>"; };
		7B6410F71D73CFC6004C5FCC /* Base */ = {isa = PBXFileReference; lastKnownFileType = file.storyboard; name = Base; path = Base.lproj/Main.storyboard; sourceTree = "<group>"; };
		7B6410F91D73CFC6004C5FCC /* Assets.xcassets */ = {isa = PBXFileReference; lastKnownFileType = folder.assetcatalog; path = Assets.xcassets; sourceTree = "<group>"; };
		7B6410FC1D73CFC6004C5FCC /* Base */ = {isa = PBXFileReference; lastKnownFileType = file.storyboard; name = Base; path = Base.lproj/LaunchScreen.storyboard; sourceTree = "<group>"; };
		7B6410FE1D73CFC6004C5FCC /* Info.plist */ = {isa = PBXFileReference; lastKnownFileType = text.plist.xml; path = Info.plist; sourceTree = "<group>"; };
		7B6411041D73CFEB004C5FCC /* PieView.h */ = {isa = PBXFileReference; fileEncoding = 4; lastKnownFileType = sourcecode.c.h; path = PieView.h; sourceTree = "<group>"; };
		7B6411051D73CFEB004C5FCC /* PieView.m */ = {isa = PBXFileReference; fileEncoding = 4; lastKnownFileType = sourcecode.c.objc; path = PieView.m; sourceTree = "<group>"; };
/* End PBXFileReference section */

/* Begin PBXFrameworksBuildPhase section */
		7B6410E71D73CFC6004C5FCC /* Frameworks */ = {
			isa = PBXFrameworksBuildPhase;
			buildActionMask = 2147483647;
			files = (
			);
			runOnlyForDeploymentPostprocessing = 0;
		};
/* End PBXFrameworksBuildPhase section */

/* Begin PBXGroup section */
		7B6410E11D73CFC6004C5FCC = {
			isa = PBXGroup;
			children = (
				7B6410EC1D73CFC6004C5FCC /* 画饼状图 */,
				7B6410EB1D73CFC6004C5FCC /* Products */,
			);
			sourceTree = "<group>";
		};
		7B6410EB1D73CFC6004C5FCC /* Products */ = {
			isa = PBXGroup;
			children = (
				7B6410EA1D73CFC6004C5FCC /* 画饼状图.app */,
			);
			name = Products;
			sourceTree = "<group>";
		};
		7B6410EC1D73CFC6004C5FCC /* 画饼状图 */ = {
			isa = PBXGroup;
			children = (
				7B6410F01D73CFC6004C5FCC /* AppDelegate.h */,
				7B6410F11D73CFC6004C5FCC /* AppDelegate.m */,
				7B6410F31D73CFC6004C5FCC /* ViewController.h */,
				7B6410F41D73CFC6004C5FCC /* ViewController.m */,
				7B6411041D73CFEB004C5FCC /* PieView.h */,
				7B6411051D73CFEB004C5FCC /* PieView.m */,
				7B6410F61D73CFC6004C5FCC /* Main.storyboard */,
				7B6410F91D73CFC6004C5FCC /* Assets.xcassets */,
				7B6410FB1D73CFC6004C5FCC /* LaunchScreen.storyboard */,
				7B6410FE1D73CFC6004C5FCC /* Info.plist */,
				7B6410ED1D73CFC6004C5FCC /* Supporting Files */,
			);
			path = "画饼状图";
			sourceTree = "<group>";
		};
		7B6410ED1D73CFC6004C5FCC /* Supporting Files */ = {
			isa = PBXGroup;
			children = (
				7B6410EE1D73CFC6004C5FCC /* main.m */,
			);
			name = "Supporting Files";
			sourceTree = "<group>";
		};
/* End PBXGroup section */

/* Begin PBXNativeTarget section */
		7B6410E91D73CFC6004C5FCC /* 画饼状图 */ = {
			isa = PBXNativeTarget;
			buildConfigurationList = 7B6411011D73CFC6004C5FCC /* Build configuration list for PBXNativeTarget "画饼状图" */;
			buildPhases = (
				7B6410E61D73CFC6004C5FCC /* Sources */,
				7B6410E71D73CFC6004C5FCC /* Frameworks */,
				7B6410E81D73CFC6004C5FCC /* Resources */,
			);
			buildRules = (
			);
			dependencies = (
			);
			name = "画饼状图";
			productName = "画饼状图";
			productReference = 7B6410EA1D73CFC6004C5FCC /* 画饼状图.app */;
			productType = "com.apple.product-type.application";
		};
/* End PBXNativeTarget section */

/* Begin PBXProject section */
		7B6410E21D73CFC6004C5FCC /* Project object */ = {
			isa = PBXProject;
			attributes = {
				LastUpgradeCheck = 0730;
				ORGANIZATIONNAME = ZKJ;
				TargetAttributes = {
					7B6410E91D73CFC6004C5FCC = {
						CreatedOnToolsVersion = 7.3.1;
					};
				};
			};
			buildConfigurationList = 7B6410E51D73CFC6004C5FCC /* Build configuration list for PBXProject "画饼状图" */;
			compatibilityVersion = "Xcode 3.2";
			developmentRegion = English;
			hasScannedForEncodings = 0;
			knownRegions = (
				en,
				Base,
			);
			mainGroup = 7B6410E11D73CFC6004C5FCC;
			productRefGroup = 7B6410EB1D73CFC6004C5FCC /* Products */;
			projectDirPath = "";
			projectRoot = "";
			targets = (
				7B6410E91D73CFC6004C5FCC /* 画饼状图 */,
			);
		};
/* End PBXProject section */

/* Begin PBXResourcesBuildPhase section */
		7B6410E81D73CFC6004C5FCC /* Resources */ = {
			isa = PBXResourcesBuildPhase;
			buildActionMask = 2147483647;
			files = (
				7B6410FD1D73CFC6004C5FCC /* LaunchScreen.storyboard in Resources */,
				7B6410FA1D73CFC6004C5FCC /* Assets.xcassets in Resources */,
				7B6410F81D73CFC6004C5FCC /* Main.storyboard in Resources */,
			);
			runOnlyForDeploymentPostprocessing = 0;
		};
/* End PBXResourcesBuildPhase section */

/* Begin PBXSourcesBuildPhase section */
		7B6410E61D73CFC6004C5FCC /* Sources */ = {
			isa = PBXSourcesBuildPhase;
			buildActionMask = 2147483647;
			files = (
				7B6410F51D73CFC6004C5FCC /* ViewController.m in Sources */,
				7B6411061D73CFEB004C5FCC /* PieView.m in Sources */,
				7B6410F21D73CFC6004C5FCC /* AppDelegate.m in Sources */,
				7B6410EF1D73CFC6004C5FCC /* main.m in Sources */,
			);
			runOnlyForDeploymentPostprocessing = 0;
		};
/* End PBXSourcesBuildPhase section */

/* Begin PBXVariantGroup section */
		7B6410F61D73CFC6004C5FCC /* Main.storyboard */ = {
			isa = PBXVariantGroup;
			children = (
				7B6410F71D73CFC6004C5FCC /* Base */,
			);
			name = Main.storyboard;
			sourceTree = "<group>";
		};
		7B6410FB1D73CFC6004C5FCC /* LaunchScreen.storyboard */ = {
			isa = PBXVariantGroup;
			children = (
				7B6410FC1D73CFC6004C5FCC /* Base */,
			);
			name = LaunchScreen.storyboard;
			sourceTree = "<group>";
		};
/* End PBXVariantGroup section */

/* Begin XCBuildConfiguration section */
		7B6410FF1D73CFC6004C5FCC /* Debug */ = {
			isa = XCBuildConfiguration;
			buildSettings = {
				ALWAYS_SEARCH_USER_PATHS = NO;
				CLANG_ANALYZER_NONNULL = YES;
				CLANG_CXX_LANGUAGE_STANDARD = "gnu++0x";
				CLANG_CXX_LIBRARY = "libc++";
				CLANG_ENABLE_MODULES = YES;
				CLANG_ENABLE_OBJC_ARC = YES;
				CLANG_WARN_BOOL_CONVERSION = YES;
				CLANG_WARN_CONSTANT_CONVERSION = YES;
				CLANG_WARN_DIRECT_OBJC_ISA_USAGE = YES_ERROR;
				CLANG_WARN_EMPTY_BODY = YES;
				CLANG_WARN_ENUM_CONVERSION = YES;
				CLANG_WARN_INT_CONVERSION = YES;
				CLANG_WARN_OBJC_ROOT_CLASS = YES_ERROR;
				CLANG_WARN_UNREACHABLE_CODE = YES;
				CLANG_WARN__DUPLICATE_METHOD_MATCH = YES;
				"CODE_SIGN_IDENTITY[sdk=iphoneos*]" = "iPhone Developer";
				COPY_PHASE_STRIP = NO;
				DEBUG_INFORMATION_FORMAT = dwarf;
				ENABLE_STRICT_OBJC_MSGSEND = YES;
				ENABLE_TESTABILITY = YES;
				GCC_C_LANGUAGE_STANDARD = gnu99;
				GCC_DYNAMIC_NO_PIC = NO;
				GCC_NO_COMMON_BLOCKS = YES;
				GCC_OPTIMIZATION_LEVEL = 0;
				GCC_PREPROCESSOR_DEFINITIONS = (
					"DEBUG=1",
					"$(inherited)",
				);
				GCC_WARN_64_TO_32_BIT_CONVERSION = YES;
				GCC_WARN_ABOUT_RETURN_TYPE = YES_ERROR;
				GCC_WARN_UNDECLARED_SELECTOR = YES;
				GCC_WARN_UNINITIALIZED_AUTOS = YES_AGGRESSIVE;
				GCC_WARN_UNUSED_FUNCTION = YES;
				GCC_WARN_UNUSED_VARIABLE = YES;
				IPHONEOS_DEPLOYMENT_TARGET = 9.3;
				MTL_ENABLE_DEBUG_INFO = YES;
				ONLY_ACTIVE_ARCH = YES;
				SDKROOT = iphoneos;
			};
			name = Debug;
		};
		7B6411001D73CFC6004C5FCC /* Release */ = {
			isa = XCBuildConfiguration;
			buildSettings = {
				ALWAYS_SEARCH_USER_PATHS = NO;
				CLANG_ANALYZER_NONNULL = YES;
				CLANG_CXX_LANGUAGE_STANDARD = "gnu++0x";
				CLANG_CXX_LIBRARY = "libc++";
				CLANG_ENABLE_MODULES = YES;
				CLANG_ENABLE_OBJC_ARC = YES;
				CLANG_WARN_BOOL_CONVERSION = YES;
				CLANG_WARN_CONSTANT_CONVERSION = YES;
				CLANG_WARN_DIRECT_OBJC_ISA_USAGE = YES_ERROR;
				CLANG_WARN_EMPTY_BODY = YES;
				CLANG_WARN_ENUM_CONVERSION = YES;
				CLANG_WARN_INT_CONVERSION = YES;
				CLANG_WARN_OBJC_ROOT_CLASS = YES_ERROR;
				CLANG_WARN_UNREACHABLE_CODE = YES;
				CLANG_WARN__DUPLICATE_METHOD_MATCH = YES;
				"CODE_SIGN_IDENTITY[sdk=iphoneos*]" = "iPhone Developer";
				COPY_PHASE_STRIP = NO;
				DEBUG_INFORMATION_FORMAT = "dwarf-with-dsym";
				ENABLE_NS_ASSERTIONS = NO;
				ENABLE_STRICT_OBJC_MSGSEND = YES;
				GCC_C_LANGUAGE_STANDARD = gnu99;
				GCC_NO_COMMON_BLOCKS = YES;
				GCC_WARN_64_TO_32_BIT_CONVERSION = YES;
				GCC_WARN_ABOUT_RETURN_TYPE = YES_ERROR;
				GCC_WARN_UNDECLARED_SELECTOR = YES;
				GCC_WARN_UNINITIALIZED_AUTOS = YES_AGGRESSIVE;
				GCC_WARN_UNUSED_FUNCTION = YES;
				GCC_WARN_UNUSED_VARIABLE = YES;
				IPHONEOS_DEPLOYMENT_TARGET = 9.3;
				MTL_ENABLE_DEBUG_INFO = NO;
				SDKROOT = iphoneos;
				VALIDATE_PRODUCT = YES;
			};
			name = Release;
		};
		7B6411021D73CFC6004C5FCC /* Debug */ = {
			isa = XCBuildConfiguration;
			buildSettings = {
				ASSETCATALOG_COMPILER_APPICON_NAME = AppIcon;
				INFOPLIST_FILE = "画饼状图/Info.plist";
				LD_RUNPATH_SEARCH_PATHS = "$(inherited) @executable_path/Frameworks";
				PRODUCT_BUNDLE_IDENTIFIER = "com.GenieSoftStudios.----";
				PRODUCT_NAME = "$(TARGET_NAME)";
			};
			name = Debug;
		};
		7B6411031D73CFC6004C5FCC /* Release */ = {
			isa = XCBuildConfiguration;
			buildSettings = {
				ASSETCATALOG_COMPILER_APPICON_NAME = AppIcon;
				INFOPLIST_FILE = "画饼状图/Info.plist";
				LD_RUNPATH_SEARCH_PATHS = "$(inherited) @executable_path/Frameworks";
				PRODUCT_BUNDLE_IDENTIFIER = "com.GenieSoftStudios.----";
				PRODUCT_NAME = "$(TARGET_NAME)";
			};
			name = Release;
		};
/* End XCBuildConfiguration section */

/* Begin XCConfigurationList section */
		7B6410E51D73CFC6004C5FCC /* Build configuration list for PBXProject "画饼状图" */ = {
			isa = XCConfigurationList;
			buildConfigurations = (
				7B6410FF1D73CFC6004C5FCC /* Debug */,
				7B6411001D73CFC6004C5FCC /* Release */,
			);
			defaultConfigurationIsVisible = 0;
			defaultConfigurationName = Release;
		};
		7B6411011D73CFC6004C5FCC /* Build configuration list for PBXNativeTarget "画饼状图" */ = {
			isa = XCConfigurationList;
			buildConfigurations = (
				7B6411021D73CFC6004C5FCC /* Debug */,
				7B6411031D73CFC6004C5FCC /* Release */,
			);
			defaultConfigurationIsVisible = 0;
		};
/* End XCConfigurationList section */
	};
	rootObject = 7B6410E21D73CFC6004C5FCC /* Project object */;
}
